{"1.1.0",
[{<<"bucs">>,
  {git,"https://github.com/botsunit/bucs.git",
       {ref,"135a8fd6060b9404db9118314f0e912d87bdf705"}},
  0},
 {<<"cowboy">>,
  {git,"https://github.com/ninenines/cowboy.git",
       {ref,"d08c2ab39d38c181abda279d5c2cadfac33a50c1"}},
  0},
 {<<"cowlib">>,
  {git,"https://github.com/ninenines/cowlib.git",
       {ref,"d544a494af4dbc810fc9c15eaf5cc050cced1501"}},
  1},
 {<<"egeoip">>,
  {git,"https://github.com/mochi/egeoip.git",
       {ref,"4efda2c2b5b0084d3e77b8f0bbdec78514706b34"}},
  0},
 {<<"epgsql">>,
  {git,"https://github.com/epgsql/epgsql.git",
       {ref,"e0379f93f2fe54055d4e0304dd2fcfe1ffd97ec1"}},
  0},
 {<<"goldrush">>,
  {git,"https://github.com/DeadZen/goldrush.git",
       {ref,"8f1b715d36b650ec1e1f5612c00e28af6ab0de82"}},
  1},
 {<<"gproc">>,
  {git,"https://github.com/uwiger/gproc.git",
       {ref,"b7b0748d7adaf9b2243921d7e9cf320690eb0544"}},
  0},
 {<<"inet_cidr">>,
  {git,"https://github.com/benoitc/inet_cidr.git",
       {ref,"c7b70ce76dc6b02bd5618bee93a04b85835b447f"}},
  0},
 {<<"jsx">>,
  {git,"https://github.com/talentdeficit/jsx.git",
       {ref,"fc2a001073f2300ba38427c23e83d5673c020542"}},
  0},
 {<<"lager">>,
  {git,"https://github.com/erlang-lager/lager.git",
       {ref,"92b1548f7f97a7fef257dffc45ef7b14006334e6"}},
  0},
 {<<"observer_cli">>,
  {git,"https://github.com/zhongwencool/observer_cli.git",
       {ref,"bcc0dfaa2013a436ce7e597731acab6577321b43"}},
  0},
 {<<"poolboy">>,
  {git,"https://github.com/devinus/poolboy.git",
       {ref,"3bb48a893ff5598f7c73731ac17545206d259fac"}},
  0},
 {<<"ranch">>,
  {git,"https://github.com/ninenines/ranch.git",
       {ref,"adf1822defc2b7cfdc7aca112adabfa1d614043c"}},
  1},
 {<<"recon">>,{pkg,<<"recon">>,<<"2.5.0">>},1}]}.
[
{pkg_hash,[
 {<<"recon">>, <<"2F7FCBEC2C35034BADE2F9717F77059DC54EB4E929A3049CA7BA6775C0BD66CD">>}]}
].
